
Microsoft Visual Studio Solution File, Format Version 12.00
# Visual Studio 14
VisualStudioVersion = 14.0.25420.1
MinimumVisualStudioVersion = 10.0.40219.1
Project("{FAE04EC0-301F-11D3-BF4B-00C04F79EFBC}") = "SudokuSolver", "SudokuSolver\SudokuSolver.csproj", "{177DA35C-D9C4-421D-8F26-C46424B7EB3B}"
EndProject
Global
	GlobalSection(SolutionConfigurationPlatforms) = preSolution
		Debug|Any CPU = Debug|Any CPU
		Release|Any CPU = Release|Any CPU
	EndGlobalSection
	GlobalSection(ProjectConfigurationPlatforms) = postSolution
		{177DA35C-D9C4-421D-8F26-C46424B7EB3B}.Debug|Any CPU.ActiveCfg = Debug|Any CPU
		{177DA35C-D9C4-421D-8F26-C46424B7EB3B}.Debug|Any CPU.Build.0 = Debug|Any CPU
		{177DA35C-D9C4-421D-8F26-C46424B7EB3B}.Release|Any CPU.ActiveCfg = Release|Any CPU
		{177DA35C-D9C4-421D-8F26-C46424B7EB3B}.Release|Any CPU.Build.0 = Release|Any CPU
	EndGlobalSection
	GlobalSection(SolutionProperties) = preSolution
		HideSolutionNode = FALSE
	EndGlobalSection
EndGlobal
